# This file is automatically @generated by Cargo.
# It is not intended for manual editing.
version = 4

[[package]]
name = "autocfg"
version = "1.4.0"
source = "registry+https://github.com/rust-lang/crates.io-index"
checksum = "ace50bade8e6234aa140d9a2f552bbee1db4d353f69b8217bc503490fc1a9f26"

[[package]]
name = "bitflags"
version = "0.8.2"
source = "registry+https://github.com/rust-lang/crates.io-index"
checksum = "1370e9fc2a6ae53aea8b7a5110edbd08836ed87c88736dfabccade1c2b44bff4"

[[package]]
name = "cache-padded"
version = "1.3.0"
source = "registry+https://github.com/rust-lang/crates.io-index"
checksum = "981520c98f422fcc584dc1a95c334e6953900b9106bc47a9839b81790009eb21"

[[package]]
name = "hound"
version = "3.5.1"
source = "registry+https://github.com/rust-lang/crates.io-index"
checksum = "62adaabb884c94955b19907d60019f4e145d091c75345379e70d1ee696f7854f"

[[package]]
name = "libc"
version = "0.2.172"
source = "registry+https://github.com/rust-lang/crates.io-index"
checksum = "d750af042f7ef4f724306de029d18836c26c1765a54a6a3f094cbd23a7267ffa"

[[package]]
name = "microdsp"
version = "0.1.3"
source = "registry+https://github.com/rust-lang/crates.io-index"
checksum = "18d73ec133a25a332532de9b27e2fa44349d891fb6d921e83a11e415c2ebf232"
dependencies = [
 "microfft",
 "micromath",
]

[[package]]
name = "microfft"
version = "0.4.0"
source = "registry+https://github.com/rust-lang/crates.io-index"
checksum = "b04ffc2e74da5513185343835177bfd4adf718986185c6d81c2ae2c6ebc07637"
dependencies = [
 "num-complex 0.4.6",
 "static_assertions",
]

[[package]]
name = "micromath"
version = "2.1.0"
source = "registry+https://github.com/rust-lang/crates.io-index"
checksum = "c3c8dda44ff03a2f238717214da50f65d5a53b45cd213a7370424ffdb6fae815"

[[package]]
name = "num"
version = "0.2.1"
source = "registry+https://github.com/rust-lang/crates.io-index"
checksum = "b8536030f9fea7127f841b45bb6243b27255787fb4eb83958aa1ef9d2fdc0c36"
dependencies = [
 "num-complex 0.2.4",
 "num-integer",
 "num-iter",
 "num-rational",
 "num-traits",
]

[[package]]
name = "num-complex"
version = "0.2.4"
source = "registry+https://github.com/rust-lang/crates.io-index"
checksum = "b6b19411a9719e753aff12e5187b74d60d3dc449ec3f4dc21e3989c3f554bc95"
dependencies = [
 "autocfg",
 "num-traits",
]

[[package]]
name = "num-complex"
version = "0.4.6"
source = "registry+https://github.com/rust-lang/crates.io-index"
checksum = "73f88a1307638156682bada9d7604135552957b7818057dcef22705b4d509495"
dependencies = [
 "num-traits",
]

[[package]]
name = "num-integer"
version = "0.1.46"
source = "registry+https://github.com/rust-lang/crates.io-index"
checksum = "7969661fd2958a5cb096e56c8e1ad0444ac2bbcd0061bd28660485a44879858f"
dependencies = [
 "num-traits",
]

[[package]]
name = "num-iter"
version = "0.1.45"
source = "registry+https://github.com/rust-lang/crates.io-index"
checksum = "1429034a0490724d0075ebb2bc9e875d6503c3cf69e235a8941aa757d83ef5bf"
dependencies = [
 "autocfg",
 "num-integer",
 "num-traits",
]

[[package]]
name = "num-rational"
version = "0.2.4"
source = "registry+https://github.com/rust-lang/crates.io-index"
checksum = "5c000134b5dbf44adc5cb772486d335293351644b801551abe8f75c84cfa4aef"
dependencies = [
 "autocfg",
 "num-integer",
 "num-traits",
]

[[package]]
name = "num-traits"
version = "0.2.19"
source = "registry+https://github.com/rust-lang/crates.io-index"
checksum = "071dfc062690e90b734c0b2273ce72ad0ffa95f0c74596bc250dcfd960262841"
dependencies = [
 "autocfg",
]

[[package]]
name = "pkg-config"
version = "0.3.32"
source = "registry+https://github.com/rust-lang/crates.io-index"
checksum = "7edddbd0b52d732b21ad9a5fab5c704c14cd949e5e9a1ec5929a24fded1b904c"

[[package]]
name = "portaudio"
version = "0.7.1"
source = "registry+https://github.com/rust-lang/crates.io-index"
checksum = "6e8fdf84ad5636edbe0d49cef06870e60ae8bab8b82b74c588df3e11d4d9a317"
dependencies = [
 "bitflags",
 "libc",
 "num",
 "portaudio-sys2",
]

[[package]]
name = "portaudio-sys2"
version = "0.1.0"
source = "registry+https://github.com/rust-lang/crates.io-index"
checksum = "86a36ee35d719327fee8827321bd41f3ee7a2cc2335aa28f9168ffed3e82c6b8"
dependencies = [
 "pkg-config",
]

[[package]]
name = "rtrb"
version = "0.1.4"
source = "registry+https://github.com/rust-lang/crates.io-index"
checksum = "318256ac02f7e11a48a10339ba5dca8bd7eb17496abf384e8ea909bb2ae5275f"
dependencies = [
 "cache-padded",
]

[[package]]
name = "static_assertions"
version = "1.1.0"
source = "registry+https://github.com/rust-lang/crates.io-index"
checksum = "a2eb9349b6444b326872e140eb1cf5e7c522154d69e7a0ffb0fb81c06b37543f"

[[package]]
name = "v2"
version = "0.1.0"
dependencies = [
 "hound",
 "microdsp",
 "portaudio",
 "rtrb",
]
